// !$*UTF8*$!
{
	archiveVersion = 1;
	classes = {
	};
	objectVersion = 46;
	objects = {

/* Begin PBXBuildFile section */
		2B37DC8E1BC0BD650037E200 /* Color.swift in Sources */ = {isa = PBXBuildFile; fileRef = 2B37DC8D1BC0BD650037E200 /* Color.swift */; settings = {ASSET_TAGS = (); }; };
		2B37DC901BC0BFA20037E200 /* ColorTests.swift in Sources */ = {isa = PBXBuildFile; fileRef = 2B37DC8F1BC0BFA20037E200 /* ColorTests.swift */; settings = {ASSET_TAGS = (); }; };
		2B6876771BBCE6460040A8E2 /* AppDelegate.swift in Sources */ = {isa = PBXBuildFile; fileRef = 2B6876761BBCE6460040A8E2 /* AppDelegate.swift */; };
		2B6876791BBCE6460040A8E2 /* ViewController.swift in Sources */ = {isa = PBXBuildFile; fileRef = 2B6876781BBCE6460040A8E2 /* ViewController.swift */; };
		2B68767C1BBCE6460040A8E2 /* Main.storyboard in Resources */ = {isa = PBXBuildFile; fileRef = 2B68767A1BBCE6460040A8E2 /* Main.storyboard */; };
		2B68767E1BBCE6460040A8E2 /* Assets.xcassets in Resources */ = {isa = PBXBuildFile; fileRef = 2B68767D1BBCE6460040A8E2 /* Assets.xcassets */; };
		2B6876811BBCE6460040A8E2 /* LaunchScreen.storyboard in Resources */ = {isa = PBXBuildFile; fileRef = 2B68767F1BBCE6460040A8E2 /* LaunchScreen.storyboard */; };
		2B68768C1BBCE6470040A8E2 /* ColorPickerTests.swift in Sources */ = {isa = PBXBuildFile; fileRef = 2B68768B1BBCE6470040A8E2 /* ColorPickerTests.swift */; };
		2B6876971BBCE6470040A8E2 /* ColorPickerUITests.swift in Sources */ = {isa = PBXBuildFile; fileRef = 2B6876961BBCE6470040A8E2 /* ColorPickerUITests.swift */; };
/* End PBXBuildFile section */

/* Begin PBXContainerItemProxy section */
		2B6876881BBCE6470040A8E2 /* PBXContainerItemProxy */ = {
			isa = PBXContainerItemProxy;
			containerPortal = 2B68766B1BBCE6460040A8E2 /* Project object */;
			proxyType = 1;
			remoteGlobalIDString = 2B6876721BBCE6460040A8E2;
			remoteInfo = ColorPicker;
		};
		2B6876931BBCE6470040A8E2 /* PBXContainerItemProxy */ = {
			isa = PBXContainerItemProxy;
			containerPortal = 2B68766B1BBCE6460040A8E2 /* Project object */;
			proxyType = 1;
			remoteGlobalIDString = 2B6876721BBCE6460040A8E2;
			remoteInfo = ColorPicker;
		};
/* End PBXContainerItemProxy section */

/* Begin PBXFileReference section */
		2B37DC8D1BC0BD650037E200 /* Color.swift */ = {isa = PBXFileReference; fileEncoding = 4; lastKnownFileType = sourcecode.swift; path = Color.swift; sourceTree = "<group>"; };
		2B37DC8F1BC0BFA20037E200 /* ColorTests.swift */ = {isa = PBXFileReference; fileEncoding = 4; lastKnownFileType = sourcecode.swift; path = ColorTests.swift; sourceTree = "<group>"; };
		2B6876731BBCE6460040A8E2 /* ColorPicker.app */ = {isa = PBXFileReference; explicitFileType = wrapper.application; includeInIndex = 0; path = ColorPicker.app; sourceTree = BUILT_PRODUCTS_DIR; };
		2B6876761BBCE6460040A8E2 /* AppDelegate.swift */ = {isa = PBXFileReference; lastKnownFileType = sourcecode.swift; path = AppDelegate.swift; sourceTree = "<group>"; };
		2B6876781BBCE6460040A8E2 /* ViewController.swift */ = {isa = PBXFileReference; lastKnownFileType = sourcecode.swift; path = ViewController.swift; sourceTree = "<group>"; };
		2B68767B1BBCE6460040A8E2 /* Base */ = {isa = PBXFileReference; lastKnownFileType = file.storyboard; name = Base; path = Base.lproj/Main.storyboard; sourceTree = "<group>"; };
		2B68767D1BBCE6460040A8E2 /* Assets.xcassets */ = {isa = PBXFileReference; lastKnownFileType = folder.assetcatalog; path = Assets.xcassets; sourceTree = "<group>"; };
		2B6876801BBCE6460040A8E2 /* Base */ = {isa = PBXFileReference; lastKnownFileType = file.storyboard; name = Base; path = Base.lproj/LaunchScreen.storyboard; sourceTree = "<group>"; };
		2B6876821BBCE6460040A8E2 /* Info.plist */ = {isa = PBXFileReference; lastKnownFileType = text.plist.xml; path = Info.plist; sourceTree = "<group>"; };
		2B6876871BBCE6460040A8E2 /* ColorPickerTests.xctest */ = {isa = PBXFileReference; explicitFileType = wrapper.cfbundle; includeInIndex = 0; path = ColorPickerTests.xctest; sourceTree = BUILT_PRODUCTS_DIR; };
		2B68768B1BBCE6470040A8E2 /* ColorPickerTests.swift */ = {isa = PBXFileReference; lastKnownFileType = sourcecode.swift; path = ColorPickerTests.swift; sourceTree = "<group>"; };
		2B68768D1BBCE6470040A8E2 /* Info.plist */ = {isa = PBXFileReference; lastKnownFileType = text.plist.xml; path = Info.plist; sourceTree = "<group>"; };
		2B6876921BBCE6470040A8E2 /* ColorPickerUITests.xctest */ = {isa = PBXFileReference; explicitFileType = wrapper.cfbundle; includeInIndex = 0; path = ColorPickerUITests.xctest; sourceTree = BUILT_PRODUCTS_DIR; };
		2B6876961BBCE6470040A8E2 /* ColorPickerUITests.swift */ = {isa = PBXFileReference; lastKnownFileType = sourcecode.swift; path = ColorPickerUITests.swift; sourceTree = "<group>"; };
		2B6876981BBCE6470040A8E2 /* Info.plist */ = {isa = PBXFileReference; lastKnownFileType = text.plist.xml; path = Info.plist; sourceTree = "<group>"; };
/* End PBXFileReference section */

/* Begin PBXFrameworksBuildPhase section */
		2B6876701BBCE6460040A8E2 /* Frameworks */ = {
			isa = PBXFrameworksBuildPhase;
			buildActionMask = 2147483647;
			files = (
			);
			runOnlyForDeploymentPostprocessing = 0;
		};
		2B6876841BBCE6460040A8E2 /* Frameworks */ = {
			isa = PBXFrameworksBuildPhase;
			buildActionMask = 2147483647;
			files = (
			);
			runOnlyForDeploymentPostprocessing = 0;
		};
		2B68768F1BBCE6470040A8E2 /* Frameworks */ = {
			isa = PBXFrameworksBuildPhase;
			buildActionMask = 2147483647;
			files = (
			);
			runOnlyForDeploymentPostprocessing = 0;
		};
/* End PBXFrameworksBuildPhase section */

/* Begin PBXGroup section */
		2B68766A1BBCE6460040A8E2 = {
			isa = PBXGroup;
			children = (
				2B6876751BBCE6460040A8E2 /* ColorPicker */,
				2B68768A1BBCE6470040A8E2 /* ColorPickerTests */,
				2B6876951BBCE6470040A8E2 /* ColorPickerUITests */,
				2B6876741BBCE6460040A8E2 /* Products */,
			);
			sourceTree = "<group>";
		};
		2B6876741BBCE6460040A8E2 /* Products */ = {
			isa = PBXGroup;
			children = (
				2B6876731BBCE6460040A8E2 /* ColorPicker.app */,
				2B6876871BBCE6460040A8E2 /* ColorPickerTests.xctest */,
				2B6876921BBCE6470040A8E2 /* ColorPickerUITests.xctest */,
			);
			name = Products;
			sourceTree = "<group>";
		};
		2B6876751BBCE6460040A8E2 /* ColorPicker */ = {
			isa = PBXGroup;
			children = (
				2B6876761BBCE6460040A8E2 /* AppDelegate.swift */,
				2B6876781BBCE6460040A8E2 /* ViewController.swift */,
				2B68767A1BBCE6460040A8E2 /* Main.storyboard */,
				2B68767D1BBCE6460040A8E2 /* Assets.xcassets */,
				2B68767F1BBCE6460040A8E2 /* LaunchScreen.storyboard */,
				2B6876821BBCE6460040A8E2 /* Info.plist */,
				2B37DC8D1BC0BD650037E200 /* Color.swift */,
			);
			path = ColorPicker;
			sourceTree = "<group>";
		};
		2B68768A1BBCE6470040A8E2 /* ColorPickerTests */ = {
			isa = PBXGroup;
			children = (
				2B68768B1BBCE6470040A8E2 /* ColorPickerTests.swift */,
				2B68768D1BBCE6470040A8E2 /* Info.plist */,
				2B37DC8F1BC0BFA20037E200 /* ColorTests.swift */,
			);
			path = ColorPickerTests;
			sourceTree = "<group>";
		};
		2B6876951BBCE6470040A8E2 /* ColorPickerUITests */ = {
			isa = PBXGroup;
			children = (
				2B6876961BBCE6470040A8E2 /* ColorPickerUITests.swift */,
				2B6876981BBCE6470040A8E2 /* Info.plist */,
			);
			path = ColorPickerUITests;
			sourceTree = "<group>";
		};
/* End PBXGroup section */

/* Begin PBXNativeTarget section */
		2B6876721BBCE6460040A8E2 /* ColorPicker */ = {
			isa = PBXNativeTarget;
			buildConfigurationList = 2B68769B1BBCE6470040A8E2 /* Build configuration list for PBXNativeTarget "ColorPicker" */;
			buildPhases = (
				2B68766F1BBCE6460040A8E2 /* Sources */,
				2B6876701BBCE6460040A8E2 /* Frameworks */,
				2B6876711BBCE6460040A8E2 /* Resources */,
			);
			buildRules = (
			);
			dependencies = (
			);
			name = ColorPicker;
			productName = ColorPicker;
			productReference = 2B6876731BBCE6460040A8E2 /* ColorPicker.app */;
			productType = "com.apple.product-type.application";
		};
		2B6876861BBCE6460040A8E2 /* ColorPickerTests */ = {
			isa = PBXNativeTarget;
			buildConfigurationList = 2B68769E1BBCE6470040A8E2 /* Build configuration list for PBXNativeTarget "ColorPickerTests" */;
			buildPhases = (
				2B6876831BBCE6460040A8E2 /* Sources */,
				2B6876841BBCE6460040A8E2 /* Frameworks */,
				2B6876851BBCE6460040A8E2 /* Resources */,
			);
			buildRules = (
			);
			dependencies = (
				2B6876891BBCE6470040A8E2 /* PBXTargetDependency */,
			);
			name = ColorPickerTests;
			productName = ColorPickerTests;
			productReference = 2B6876871BBCE6460040A8E2 /* ColorPickerTests.xctest */;
			productType = "com.apple.product-type.bundle.unit-test";
		};
		2B6876911BBCE6470040A8E2 /* ColorPickerUITests */ = {
			isa = PBXNativeTarget;
			buildConfigurationList = 2B6876A11BBCE6470040A8E2 /* Build configuration list for PBXNativeTarget "ColorPickerUITests" */;
			buildPhases = (
				2B68768E1BBCE6470040A8E2 /* Sources */,
				2B68768F1BBCE6470040A8E2 /* Frameworks */,
				2B6876901BBCE6470040A8E2 /* Resources */,
			);
			buildRules = (
			);
			dependencies = (
				2B6876941BBCE6470040A8E2 /* PBXTargetDependency */,
			);
			name = ColorPickerUITests;
			productName = ColorPickerUITests;
			productReference = 2B6876921BBCE6470040A8E2 /* ColorPickerUITests.xctest */;
			productType = "com.apple.product-type.bundle.ui-testing";
		};
/* End PBXNativeTarget section */

/* Begin PBXProject section */
		2B68766B1BBCE6460040A8E2 /* Project object */ = {
			isa = PBXProject;
			attributes = {
				LastUpgradeCheck = 0700;
				ORGANIZATIONNAME = "Pengyu Wang";
				TargetAttributes = {
					2B6876721BBCE6460040A8E2 = {
						CreatedOnToolsVersion = 7.0;
					};
					2B6876861BBCE6460040A8E2 = {
						CreatedOnToolsVersion = 7.0;
						TestTargetID = 2B6876721BBCE6460040A8E2;
					};
					2B6876911BBCE6470040A8E2 = {
						CreatedOnToolsVersion = 7.0;
						DevelopmentTeam = 84MGJ2F6Q5;
						TestTargetID = 2B6876721BBCE6460040A8E2;
					};
				};
			};
			buildConfigurationList = 2B68766E1BBCE6460040A8E2 /* Build configuration list for PBXProject "ColorPicker" */;
			compatibilityVersion = "Xcode 3.2";
			developmentRegion = English;
			hasScannedForEncodings = 0;
			knownRegions = (
				en,
				Base,
			);
			mainGroup = 2B68766A1BBCE6460040A8E2;
			productRefGroup = 2B6876741BBCE6460040A8E2 /* Products */;
			projectDirPath = "";
			projectRoot = "";
			targets = (
				2B6876721BBCE6460040A8E2 /* ColorPicker */,
				2B6876861BBCE6460040A8E2 /* ColorPickerTests */,
				2B6876911BBCE6470040A8E2 /* ColorPickerUITests */,
			);
		};
/* End PBXProject section */

/* Begin PBXResourcesBuildPhase section */
		2B6876711BBCE6460040A8E2 /* Resources */ = {
			isa = PBXResourcesBuildPhase;
			buildActionMask = 2147483647;
			files = (
				2B6876811BBCE6460040A8E2 /* LaunchScreen.storyboard in Resources */,
				2B68767E1BBCE6460040A8E2 /* Assets.xcassets in Resources */,
				2B68767C1BBCE6460040A8E2 /* Main.storyboard in Resources */,
			);
			runOnlyForDeploymentPostprocessing = 0;
		};
		2B6876851BBCE6460040A8E2 /* Resources */ = {
			isa = PBXResourcesBuildPhase;
			buildActionMask = 2147483647;
			files = (
			);
			runOnlyForDeploymentPostprocessing = 0;
		};
		2B6876901BBCE6470040A8E2 /* Resources */ = {
			isa = PBXResourcesBuildPhase;
			buildActionMask = 2147483647;
			files = (
			);
			runOnlyForDeploymentPostprocessing = 0;
		};
/* End PBXResourcesBuildPhase section */

/* Begin PBXSourcesBuildPhase section */
		2B68766F1BBCE6460040A8E2 /* Sources */ = {
			isa = PBXSourcesBuildPhase;
			buildActionMask = 2147483647;
			files = (
				2B6876791BBCE6460040A8E2 /* ViewController.swift in Sources */,
				2B6876771BBCE6460040A8E2 /* AppDelegate.swift in Sources */,
				2B37DC8E1BC0BD650037E200 /* Color.swift in Sources */,
			);
			runOnlyForDeploymentPostprocessing = 0;
		};
		2B6876831BBCE6460040A8E2 /* Sources */ = {
			isa = PBXSourcesBuildPhase;
			buildActionMask = 2147483647;
			files = (
				2B68768C1BBCE6470040A8E2 /* ColorPickerTests.swift in Sources */,
				2B37DC901BC0BFA20037E200 /* ColorTests.swift in Sources */,
			);
			runOnlyForDeploymentPostprocessing = 0;
		};
		2B68768E1BBCE6470040A8E2 /* Sources */ = {
			isa = PBXSourcesBuildPhase;
			buildActionMask = 2147483647;
			files = (
				2B6876971BBCE6470040A8E2 /* ColorPickerUITests.swift in Sources */,
			);
			runOnlyForDeploymentPostprocessing = 0;
		};
/* End PBXSourcesBuildPhase section */

/* Begin PBXTargetDependency section */
		2B6876891BBCE6470040A8E2 /* PBXTargetDependency */ = {
			isa = PBXTargetDependency;
			target = 2B6876721BBCE6460040A8E2 /* ColorPicker */;
			targetProxy = 2B6876881BBCE6470040A8E2 /* PBXContainerItemProxy */;
		};
		2B6876941BBCE6470040A8E2 /* PBXTargetDependency */ = {
			isa = PBXTargetDependency;
			target = 2B6876721BBCE6460040A8E2 /* ColorPicker */;
			targetProxy = 2B6876931BBCE6470040A8E2 /* PBXContainerItemProxy */;
		};
/* End PBXTargetDependency section */

/* Begin PBXVariantGroup section */
		2B68767A1BBCE6460040A8E2 /* Main.storyboard */ = {
			isa = PBXVariantGroup;
			children = (
				2B68767B1BBCE6460040A8E2 /* Base */,
			);
			name = Main.storyboard;
			sourceTree = "<group>";
		};
		2B68767F1BBCE6460040A8E2 /* LaunchScreen.storyboard */ = {
			isa = PBXVariantGroup;
			children = (
				2B6876801BBCE6460040A8E2 /* Base */,
			);
			name = LaunchScreen.storyboard;
			sourceTree = "<group>";
		};
/* End PBXVariantGroup section */

/* Begin XCBuildConfiguration section */
		2B6876991BBCE6470040A8E2 /* Debug */ = {
			isa = XCBuildConfiguration;
			buildSettings = {
				ALWAYS_SEARCH_USER_PATHS = NO;
				CLANG_CXX_LANGUAGE_STANDARD = "gnu++0x";
				CLANG_CXX_LIBRARY = "libc++";
				CLANG_ENABLE_MODULES = YES;
				CLANG_ENABLE_OBJC_ARC = YES;
				CLANG_WARN_BOOL_CONVERSION = YES;
				CLANG_WARN_CONSTANT_CONVERSION = YES;
				CLANG_WARN_DIRECT_OBJC_ISA_USAGE = YES_ERROR;
				CLANG_WARN_EMPTY_BODY = YES;
				CLANG_WARN_ENUM_CONVERSION = YES;
				CLANG_WARN_INT_CONVERSION = YES;
				CLANG_WARN_OBJC_ROOT_CLASS = YES_ERROR;
				CLANG_WARN_UNREACHABLE_CODE = YES;
				CLANG_WARN__DUPLICATE_METHOD_MATCH = YES;
				"CODE_SIGN_IDENTITY[sdk=iphoneos*]" = "iPhone Developer";
				COPY_PHASE_STRIP = NO;
				DEBUG_INFORMATION_FORMAT = dwarf;
				ENABLE_STRICT_OBJC_MSGSEND = YES;
				ENABLE_TESTABILITY = YES;
				GCC_C_LANGUAGE_STANDARD = gnu99;
				GCC_DYNAMIC_NO_PIC = NO;
				GCC_NO_COMMON_BLOCKS = YES;
				GCC_OPTIMIZATION_LEVEL = 0;
				GCC_PREPROCESSOR_DEFINITIONS = (
					"DEBUG=1",
					"$(inherited)",
				);
				GCC_WARN_64_TO_32_BIT_CONVERSION = YES;
				GCC_WARN_ABOUT_RETURN_TYPE = YES_ERROR;
				GCC_WARN_UNDECLARED_SELECTOR = YES;
				GCC_WARN_UNINITIALIZED_AUTOS = YES_AGGRESSIVE;
				GCC_WARN_UNUSED_FUNCTION = YES;
				GCC_WARN_UNUSED_VARIABLE = YES;
				IPHONEOS_DEPLOYMENT_TARGET = 9.0;
				MTL_ENABLE_DEBUG_INFO = YES;
				ONLY_ACTIVE_ARCH = YES;
				SDKROOT = iphoneos;
				SWIFT_OPTIMIZATION_LEVEL = "-Onone";
			};
			name = Debug;
		};
		2B68769A1BBCE6470040A8E2 /* Release */ = {
			isa = XCBuildConfiguration;
			buildSettings = {
				ALWAYS_SEARCH_USER_PATHS = NO;
				CLANG_CXX_LANGUAGE_STANDARD = "gnu++0x";
				CLANG_CXX_LIBRARY = "libc++";
				CLANG_ENABLE_MODULES = YES;
				CLANG_ENABLE_OBJC_ARC = YES;
				CLANG_WARN_BOOL_CONVERSION = YES;
				CLANG_WARN_CONSTANT_CONVERSION = YES;
				CLANG_WARN_DIRECT_OBJC_ISA_USAGE = YES_ERROR;
				CLANG_WARN_EMPTY_BODY = YES;
				CLANG_WARN_ENUM_CONVERSION = YES;
				CLANG_WARN_INT_CONVERSION = YES;
				CLANG_WARN_OBJC_ROOT_CLASS = YES_ERROR;
				CLANG_WARN_UNREACHABLE_CODE = YES;
				CLANG_WARN__DUPLICATE_METHOD_MATCH = YES;
				"CODE_SIGN_IDENTITY[sdk=iphoneos*]" = "iPhone Developer";
				COPY_PHASE_STRIP = NO;
				DEBUG_INFORMATION_FORMAT = "dwarf-with-dsym";
				ENABLE_NS_ASSERTIONS = NO;
				ENABLE_STRICT_OBJC_MSGSEND = YES;
				GCC_C_LANGUAGE_STANDARD = gnu99;
				GCC_NO_COMMON_BLOCKS = YES;
				GCC_WARN_64_TO_32_BIT_CONVERSION = YES;
				GCC_WARN_ABOUT_RETURN_TYPE = YES_ERROR;
				GCC_WARN_UNDECLARED_SELECTOR = YES;
				GCC_WARN_UNINITIALIZED_AUTOS = YES_AGGRESSIVE;
				GCC_WARN_UNUSED_FUNCTION = YES;
				GCC_WARN_UNUSED_VARIABLE = YES;
				IPHONEOS_DEPLOYMENT_TARGET = 9.0;
				MTL_ENABLE_DEBUG_INFO = NO;
				SDKROOT = iphoneos;
				VALIDATE_PRODUCT = YES;
			};
			name = Release;
		};
		2B68769C1BBCE6470040A8E2 /* Debug */ = {
			isa = XCBuildConfiguration;
			buildSettings = {
				ASSETCATALOG_COMPILER_APPICON_NAME = AppIcon;
				INFOPLIST_FILE = ColorPicker/Info.plist;
				LD_RUNPATH_SEARCH_PATHS = "$(inherited) @executable_path/Frameworks";
				PRODUCT_BUNDLE_IDENTIFIER = com.sdsu.cs646.assignment3.ColorPicker;
				PRODUCT_NAME = "$(TARGET_NAME)";
			};
			name = Debug;
		};
		2B68769D1BBCE6470040A8E2 /* Release */ = {
			isa = XCBuildConfiguration;
			buildSettings = {
				ASSETCATALOG_COMPILER_APPICON_NAME = AppIcon;
				INFOPLIST_FILE = ColorPicker/Info.plist;
				LD_RUNPATH_SEARCH_PATHS = "$(inherited) @executable_path/Frameworks";
				PRODUCT_BUNDLE_IDENTIFIER = com.sdsu.cs646.assignment3.ColorPicker;
				PRODUCT_NAME = "$(TARGET_NAME)";
			};
			name = Release;
		};
		2B68769F1BBCE6470040A8E2 /* Debug */ = {
			isa = XCBuildConfiguration;
			buildSettings = {
				BUNDLE_LOADER = "$(TEST_HOST)";
				INFOPLIST_FILE = ColorPickerTests/Info.plist;
				LD_RUNPATH_SEARCH_PATHS = "$(inherited) @executable_path/Frameworks @loader_path/Frameworks";
				PRODUCT_BUNDLE_IDENTIFIER = com.sdsu.cs646.assignment3.ColorPickerTests;
				PRODUCT_NAME = "$(TARGET_NAME)";
				TEST_HOST = "$(BUILT_PRODUCTS_DIR)/ColorPicker.app/ColorPicker";
			};
			name = Debug;
		};
		2B6876A01BBCE6470040A8E2 /* Release */ = {
			isa = XCBuildConfiguration;
			buildSettings = {
				BUNDLE_LOADER = "$(TEST_HOST)";
				INFOPLIST_FILE = ColorPickerTests/Info.plist;
				LD_RUNPATH_SEARCH_PATHS = "$(inherited) @executable_path/Frameworks @loader_path/Frameworks";
				PRODUCT_BUNDLE_IDENTIFIER = com.sdsu.cs646.assignment3.ColorPickerTests;
				PRODUCT_NAME = "$(TARGET_NAME)";
				TEST_HOST = "$(BUILT_PRODUCTS_DIR)/ColorPicker.app/ColorPicker";
			};
			name = Release;
		};
		2B6876A21BBCE6470040A8E2 /* Debug */ = {
			isa = XCBuildConfiguration;
			buildSettings = {
				CODE_SIGN_IDENTITY = "iPhone Developer";
				"CODE_SIGN_IDENTITY[sdk=iphoneos*]" = "iPhone Developer";
				INFOPLIST_FILE = ColorPickerUITests/Info.plist;
				LD_RUNPATH_SEARCH_PATHS = "$(inherited) @executable_path/Frameworks @loader_path/Frameworks";
				PRODUCT_BUNDLE_IDENTIFIER = com.sdsu.cs646.assignment3.ColorPickerUITests;
				PRODUCT_NAME = "$(TARGET_NAME)";
				PROVISIONING_PROFILE = "";
				TEST_TARGET_NAME = ColorPicker;
				USES_XCTRUNNER = YES;
			};
			name = Debug;
		};
		2B6876A31BBCE6470040A8E2 /* Release */ = {
			isa = XCBuildConfiguration;
			buildSettings = {
				CODE_SIGN_IDENTITY = "iPhone Developer";
				"CODE_SIGN_IDENTITY[sdk=iphoneos*]" = "iPhone Developer";
				INFOPLIST_FILE = ColorPickerUITests/Info.plist;
				LD_RUNPATH_SEARCH_PATHS = "$(inherited) @executable_path/Frameworks @loader_path/Frameworks";
				PRODUCT_BUNDLE_IDENTIFIER = com.sdsu.cs646.assignment3.ColorPickerUITests;
				PRODUCT_NAME = "$(TARGET_NAME)";
				PROVISIONING_PROFILE = "";
				TEST_TARGET_NAME = ColorPicker;
				USES_XCTRUNNER = YES;
			};
			name = Release;
		};
/* End XCBuildConfiguration section */

/* Begin XCConfigurationList section */
		2B68766E1BBCE6460040A8E2 /* Build configuration list for PBXProject "ColorPicker" */ = {
			isa = XCConfigurationList;
			buildConfigurations = (
				2B6876991BBCE6470040A8E2 /* Debug */,
				2B68769A1BBCE6470040A8E2 /* Release */,
			);
			defaultConfigurationIsVisible = 0;
			defaultConfigurationName = Release;
		};
		2B68769B1BBCE6470040A8E2 /* Build configuration list for PBXNativeTarget "ColorPicker" */ = {
			isa = XCConfigurationList;
			buildConfigurations = (
				2B68769C1BBCE6470040A8E2 /* Debug */,
				2B68769D1BBCE6470040A8E2 /* Release */,
			);
			defaultConfigurationIsVisible = 0;
			defaultConfigurationName = Release;
		};
		2B68769E1BBCE6470040A8E2 /* Build configuration list for PBXNativeTarget "ColorPickerTests" */ = {
			isa = XCConfigurationList;
			buildConfigurations = (
				2B68769F1BBCE6470040A8E2 /* Debug */,
				2B6876A01BBCE6470040A8E2 /* Release */,
			);
			defaultConfigurationIsVisible = 0;
			defaultConfigurationName = Release;
		};
		2B6876A11BBCE6470040A8E2 /* Build configuration list for PBXNativeTarget "ColorPickerUITests" */ = {
			isa = XCConfigurationList;
			buildConfigurations = (
				2B6876A21BBCE6470040A8E2 /* Debug */,
				2B6876A31BBCE6470040A8E2 /* Release */,
			);
			defaultConfigurationIsVisible = 0;
			defaultConfigurationName = Release;
		};
/* End XCConfigurationList section */
	};
	rootObject = 2B68766B1BBCE6460040A8E2 /* Project object */;
}
